// !$*UTF8*$!
{
	archiveVersion = 1;
	classes = {
	};
	objectVersion = 46;
	objects = {

/* Begin PBXBuildFile section */
		EB153B221A97C21F000ECABB /* main.m in Sources */ = {isa = PBXBuildFile; fileRef = EB153B211A97C21F000ECABB /* main.m */; };
		EB153B251A97C21F000ECABB /* AppDelegate.m in Sources */ = {isa = PBXBuildFile; fileRef = EB153B241A97C21F000ECABB /* AppDelegate.m */; };
		EB153B281A97C21F000ECABB /* ViewController.m in Sources */ = {isa = PBXBuildFile; fileRef = EB153B271A97C21F000ECABB /* ViewController.m */; };
		EB153B2B1A97C21F000ECABB /* Main.storyboard in Resources */ = {isa = PBXBuildFile; fileRef = EB153B291A97C21F000ECABB /* Main.storyboard */; };
		EB153B2D1A97C21F000ECABB /* Images.xcassets in Resources */ = {isa = PBXBuildFile; fileRef = EB153B2C1A97C21F000ECABB /* Images.xcassets */; };
		EB153B301A97C21F000ECABB /* LaunchScreen.xib in Resources */ = {isa = PBXBuildFile; fileRef = EB153B2E1A97C21F000ECABB /* LaunchScreen.xib */; };
		EB153B3C1A97C21F000ECABB /* UIScrollView_Challenge_SolutionTests.m in Sources */ = {isa = PBXBuildFile; fileRef = EB153B3B1A97C21F000ECABB /* UIScrollView_Challenge_SolutionTests.m */; };
		EB153B461A97C2F6000ECABB /* worldMap.jpeg in Resources */ = {isa = PBXBuildFile; fileRef = EB153B451A97C2F6000ECABB /* worldMap.jpeg */; };
/* End PBXBuildFile section */

/* Begin PBXContainerItemProxy section */
		EB153B361A97C21F000ECABB /* PBXContainerItemProxy */ = {
			isa = PBXContainerItemProxy;
			containerPortal = EB153B141A97C21E000ECABB /* Project object */;
			proxyType = 1;
			remoteGlobalIDString = EB153B1B1A97C21F000ECABB;
			remoteInfo = "UIScrollView Challenge Solution";
		};
/* End PBXContainerItemProxy section */

/* Begin PBXFileReference section */
		EB153B1C1A97C21F000ECABB /* UIScrollView Challenge Solution.app */ = {isa = PBXFileReference; explicitFileType = wrapper.application; includeInIndex = 0; path = "UIScrollView Challenge Solution.app"; sourceTree = BUILT_PRODUCTS_DIR; };
		EB153B201A97C21F000ECABB /* Info.plist */ = {isa = PBXFileReference; lastKnownFileType = text.plist.xml; path = Info.plist; sourceTree = "<group>"; };
		EB153B211A97C21F000ECABB /* main.m */ = {isa = PBXFileReference; lastKnownFileType = sourcecode.c.objc; path = main.m; sourceTree = "<group>"; };
		EB153B231A97C21F000ECABB /* AppDelegate.h */ = {isa = PBXFileReference; lastKnownFileType = sourcecode.c.h; path = AppDelegate.h; sourceTree = "<group>"; };
		EB153B241A97C21F000ECABB /* AppDelegate.m */ = {isa = PBXFileReference; lastKnownFileType = sourcecode.c.objc; path = AppDelegate.m; sourceTree = "<group>"; };
		EB153B261A97C21F000ECABB /* ViewController.h */ = {isa = PBXFileReference; lastKnownFileType = sourcecode.c.h; path = ViewController.h; sourceTree = "<group>"; };
		EB153B271A97C21F000ECABB /* ViewController.m */ = {isa = PBXFileReference; lastKnownFileType = sourcecode.c.objc; path = ViewController.m; sourceTree = "<group>"; };
		EB153B2A1A97C21F000ECABB /* Base */ = {isa = PBXFileReference; lastKnownFileType = file.storyboard; name = Base; path = Base.lproj/Main.storyboard; sourceTree = "<group>"; };
		EB153B2C1A97C21F000ECABB /* Images.xcassets */ = {isa = PBXFileReference; lastKnownFileType = folder.assetcatalog; path = Images.xcassets; sourceTree = "<group>"; };
		EB153B2F1A97C21F000ECABB /* Base */ = {isa = PBXFileReference; lastKnownFileType = file.xib; name = Base; path = Base.lproj/LaunchScreen.xib; sourceTree = "<group>"; };
		EB153B351A97C21F000ECABB /* UIScrollView Challenge SolutionTests.xctest */ = {isa = PBXFileReference; explicitFileType = wrapper.cfbundle; includeInIndex = 0; path = "UIScrollView Challenge SolutionTests.xctest"; sourceTree = BUILT_PRODUCTS_DIR; };
		EB153B3A1A97C21F000ECABB /* Info.plist */ = {isa = PBXFileReference; lastKnownFileType = text.plist.xml; path = Info.plist; sourceTree = "<group>"; };
		EB153B3B1A97C21F000ECABB /* UIScrollView_Challenge_SolutionTests.m */ = {isa = PBXFileReference; lastKnownFileType = sourcecode.c.objc; path = UIScrollView_Challenge_SolutionTests.m; sourceTree = "<group>"; };
		EB153B451A97C2F6000ECABB /* worldMap.jpeg */ = {isa = PBXFileReference; lastKnownFileType = image.jpeg; path = worldMap.jpeg; sourceTree = "<group>"; };
/* End PBXFileReference section */

/* Begin PBXFrameworksBuildPhase section */
		EB153B191A97C21F000ECABB /* Frameworks */ = {
			isa = PBXFrameworksBuildPhase;
			buildActionMask = 2147483647;
			files = (
			);
			runOnlyForDeploymentPostprocessing = 0;
		};
		EB153B321A97C21F000ECABB /* Frameworks */ = {
			isa = PBXFrameworksBuildPhase;
			buildActionMask = 2147483647;
			files = (
			);
			runOnlyForDeploymentPostprocessing = 0;
		};
/* End PBXFrameworksBuildPhase section */

/* Begin PBXGroup section */
		EB153B131A97C21E000ECABB = {
			isa = PBXGroup;
			children = (
				EB153B1E1A97C21F000ECABB /* UIScrollView Challenge Solution */,
				EB153B381A97C21F000ECABB /* UIScrollView Challenge SolutionTests */,
				EB153B1D1A97C21F000ECABB /* Products */,
			);
			sourceTree = "<group>";
		};
		EB153B1D1A97C21F000ECABB /* Products */ = {
			isa = PBXGroup;
			children = (
				EB153B1C1A97C21F000ECABB /* UIScrollView Challenge Solution.app */,
				EB153B351A97C21F000ECABB /* UIScrollView Challenge SolutionTests.xctest */,
			);
			name = Products;
			sourceTree = "<group>";
		};
		EB153B1E1A97C21F000ECABB /* UIScrollView Challenge Solution */ = {
			isa = PBXGroup;
			children = (
				EB153B231A97C21F000ECABB /* AppDelegate.h */,
				EB153B241A97C21F000ECABB /* AppDelegate.m */,
				EB153B261A97C21F000ECABB /* ViewController.h */,
				EB153B271A97C21F000ECABB /* ViewController.m */,
				EB153B291A97C21F000ECABB /* Main.storyboard */,
				EB153B2C1A97C21F000ECABB /* Images.xcassets */,
				EB153B2E1A97C21F000ECABB /* LaunchScreen.xib */,
				EB153B1F1A97C21F000ECABB /* Supporting Files */,
			);
			path = "UIScrollView Challenge Solution";
			sourceTree = "<group>";
		};
		EB153B1F1A97C21F000ECABB /* Supporting Files */ = {
			isa = PBXGroup;
			children = (
				EB153B451A97C2F6000ECABB /* worldMap.jpeg */,
				EB153B201A97C21F000ECABB /* Info.plist */,
				EB153B211A97C21F000ECABB /* main.m */,
			);
			name = "Supporting Files";
			sourceTree = "<group>";
		};
		EB153B381A97C21F000ECABB /* UIScrollView Challenge SolutionTests */ = {
			isa = PBXGroup;
			children = (
				EB153B3B1A97C21F000ECABB /* UIScrollView_Challenge_SolutionTests.m */,
				EB153B391A97C21F000ECABB /* Supporting Files */,
			);
			path = "UIScrollView Challenge SolutionTests";
			sourceTree = "<group>";
		};
		EB153B391A97C21F000ECABB /* Supporting Files */ = {
			isa = PBXGroup;
			children = (
				EB153B3A1A97C21F000ECABB /* Info.plist */,
			);
			name = "Supporting Files";
			sourceTree = "<group>";
		};
/* End PBXGroup section */

/* Begin PBXNativeTarget section */
		EB153B1B1A97C21F000ECABB /* UIScrollView Challenge Solution */ = {
			isa = PBXNativeTarget;
			buildConfigurationList = EB153B3F1A97C21F000ECABB /* Build configuration list for PBXNativeTarget "UIScrollView Challenge Solution" */;
			buildPhases = (
				EB153B181A97C21F000ECABB /* Sources */,
				EB153B191A97C21F000ECABB /* Frameworks */,
				EB153B1A1A97C21F000ECABB /* Resources */,
			);
			buildRules = (
			);
			dependencies = (
			);
			name = "UIScrollView Challenge Solution";
			productName = "UIScrollView Challenge Solution";
			productReference = EB153B1C1A97C21F000ECABB /* UIScrollView Challenge Solution.app */;
			productType = "com.apple.product-type.application";
		};
		EB153B341A97C21F000ECABB /* UIScrollView Challenge SolutionTests */ = {
			isa = PBXNativeTarget;
			buildConfigurationList = EB153B421A97C21F000ECABB /* Build configuration list for PBXNativeTarget "UIScrollView Challenge SolutionTests" */;
			buildPhases = (
				EB153B311A97C21F000ECABB /* Sources */,
				EB153B321A97C21F000ECABB /* Frameworks */,
				EB153B331A97C21F000ECABB /* Resources */,
			);
			buildRules = (
			);
			dependencies = (
				EB153B371A97C21F000ECABB /* PBXTargetDependency */,
			);
			name = "UIScrollView Challenge SolutionTests";
			productName = "UIScrollView Challenge SolutionTests";
			productReference = EB153B351A97C21F000ECABB /* UIScrollView Challenge SolutionTests.xctest */;
			productType = "com.apple.product-type.bundle.unit-test";
		};
/* End PBXNativeTarget section */

/* Begin PBXProject section */
		EB153B141A97C21E000ECABB /* Project object */ = {
			isa = PBXProject;
			attributes = {
				LastUpgradeCheck = 0610;
				ORGANIZATIONNAME = "Mario Ruiz";
				TargetAttributes = {
					EB153B1B1A97C21F000ECABB = {
						CreatedOnToolsVersion = 6.1.1;
					};
					EB153B341A97C21F000ECABB = {
						CreatedOnToolsVersion = 6.1.1;
						TestTargetID = EB153B1B1A97C21F000ECABB;
					};
				};
			};
			buildConfigurationList = EB153B171A97C21E000ECABB /* Build configuration list for PBXProject "UIScrollView Challenge Solution" */;
			compatibilityVersion = "Xcode 3.2";
			developmentRegion = English;
			hasScannedForEncodings = 0;
			knownRegions = (
				en,
				Base,
			);
			mainGroup = EB153B131A97C21E000ECABB;
			productRefGroup = EB153B1D1A97C21F000ECABB /* Products */;
			projectDirPath = "";
			projectRoot = "";
			targets = (
				EB153B1B1A97C21F000ECABB /* UIScrollView Challenge Solution */,
				EB153B341A97C21F000ECABB /* UIScrollView Challenge SolutionTests */,
			);
		};
/* End PBXProject section */

/* Begin PBXResourcesBuildPhase section */
		EB153B1A1A97C21F000ECABB /* Resources */ = {
			isa = PBXResourcesBuildPhase;
			buildActionMask = 2147483647;
			files = (
				EB153B2B1A97C21F000ECABB /* Main.storyboard in Resources */,
				EB153B301A97C21F000ECABB /* LaunchScreen.xib in Resources */,
				EB153B2D1A97C21F000ECABB /* Images.xcassets in Resources */,
				EB153B461A97C2F6000ECABB /* worldMap.jpeg in Resources */,
			);
			runOnlyForDeploymentPostprocessing = 0;
		};
		EB153B331A97C21F000ECABB /* Resources */ = {
			isa = PBXResourcesBuildPhase;
			buildActionMask = 2147483647;
			files = (
			);
			runOnlyForDeploymentPostprocessing = 0;
		};
/* End PBXResourcesBuildPhase section */

/* Begin PBXSourcesBuildPhase section */
		EB153B181A97C21F000ECABB /* Sources */ = {
			isa = PBXSourcesBuildPhase;
			buildActionMask = 2147483647;
			files = (
				EB153B281A97C21F000ECABB /* ViewController.m in Sources */,
				EB153B251A97C21F000ECABB /* AppDelegate.m in Sources */,
				EB153B221A97C21F000ECABB /* main.m in Sources */,
			);
			runOnlyForDeploymentPostprocessing = 0;
		};
		EB153B311A97C21F000ECABB /* Sources */ = {
			isa = PBXSourcesBuildPhase;
			buildActionMask = 2147483647;
			files = (
				EB153B3C1A97C21F000ECABB /* UIScrollView_Challenge_SolutionTests.m in Sources */,
			);
			runOnlyForDeploymentPostprocessing = 0;
		};
/* End PBXSourcesBuildPhase section */

/* Begin PBXTargetDependency section */
		EB153B371A97C21F000ECABB /* PBXTargetDependency */ = {
			isa = PBXTargetDependency;
			target = EB153B1B1A97C21F000ECABB /* UIScrollView Challenge Solution */;
			targetProxy = EB153B361A97C21F000ECABB /* PBXContainerItemProxy */;
		};
/* End PBXTargetDependency section */

/* Begin PBXVariantGroup section */
		EB153B291A97C21F000ECABB /* Main.storyboard */ = {
			isa = PBXVariantGroup;
			children = (
				EB153B2A1A97C21F000ECABB /* Base */,
			);
			name = Main.storyboard;
			sourceTree = "<group>";
		};
		EB153B2E1A97C21F000ECABB /* LaunchScreen.xib */ = {
			isa = PBXVariantGroup;
			children = (
				EB153B2F1A97C21F000ECABB /* Base */,
			);
			name = LaunchScreen.xib;
			sourceTree = "<group>";
		};
/* End PBXVariantGroup section */

/* Begin XCBuildConfiguration section */
		EB153B3D1A97C21F000ECABB /* Debug */ = {
			isa = XCBuildConfiguration;
			buildSettings = {
				ALWAYS_SEARCH_USER_PATHS = NO;
				CLANG_CXX_LANGUAGE_STANDARD = "gnu++0x";
				CLANG_CXX_LIBRARY = "libc++";
				CLANG_ENABLE_MODULES = YES;
				CLANG_ENABLE_OBJC_ARC = YES;
				CLANG_WARN_BOOL_CONVERSION = YES;
				CLANG_WARN_CONSTANT_CONVERSION = YES;
				CLANG_WARN_DIRECT_OBJC_ISA_USAGE = YES_ERROR;
				CLANG_WARN_EMPTY_BODY = YES;
				CLANG_WARN_ENUM_CONVERSION = YES;
				CLANG_WARN_INT_CONVERSION = YES;
				CLANG_WARN_OBJC_ROOT_CLASS = YES_ERROR;
				CLANG_WARN_UNREACHABLE_CODE = YES;
				CLANG_WARN__DUPLICATE_METHOD_MATCH = YES;
				"CODE_SIGN_IDENTITY[sdk=iphoneos*]" = "iPhone Developer";
				COPY_PHASE_STRIP = NO;
				ENABLE_STRICT_OBJC_MSGSEND = YES;
				GCC_C_LANGUAGE_STANDARD = gnu99;
				GCC_DYNAMIC_NO_PIC = NO;
				GCC_OPTIMIZATION_LEVEL = 0;
				GCC_PREPROCESSOR_DEFINITIONS = (
					"DEBUG=1",
					"$(inherited)",
				);
				GCC_SYMBOLS_PRIVATE_EXTERN = NO;
				GCC_WARN_64_TO_32_BIT_CONVERSION = YES;
				GCC_WARN_ABOUT_RETURN_TYPE = YES_ERROR;
				GCC_WARN_UNDECLARED_SELECTOR = YES;
				GCC_WARN_UNINITIALIZED_AUTOS = YES_AGGRESSIVE;
				GCC_WARN_UNUSED_FUNCTION = YES;
				GCC_WARN_UNUSED_VARIABLE = YES;
				IPHONEOS_DEPLOYMENT_TARGET = 8.1;
				MTL_ENABLE_DEBUG_INFO = YES;
				ONLY_ACTIVE_ARCH = YES;
				SDKROOT = iphoneos;
				TARGETED_DEVICE_FAMILY = "1,2";
			};
			name = Debug;
		};
		EB153B3E1A97C21F000ECABB /* Release */ = {
			isa = XCBuildConfiguration;
			buildSettings = {
				ALWAYS_SEARCH_USER_PATHS = NO;
				CLANG_CXX_LANGUAGE_STANDARD = "gnu++0x";
				CLANG_CXX_LIBRARY = "libc++";
				CLANG_ENABLE_MODULES = YES;
				CLANG_ENABLE_OBJC_ARC = YES;
				CLANG_WARN_BOOL_CONVERSION = YES;
				CLANG_WARN_CONSTANT_CONVERSION = YES;
				CLANG_WARN_DIRECT_OBJC_ISA_USAGE = YES_ERROR;
				CLANG_WARN_EMPTY_BODY = YES;
				CLANG_WARN_ENUM_CONVERSION = YES;
				CLANG_WARN_INT_CONVERSION = YES;
				CLANG_WARN_OBJC_ROOT_CLASS = YES_ERROR;
				CLANG_WARN_UNREACHABLE_CODE = YES;
				CLANG_WARN__DUPLICATE_METHOD_MATCH = YES;
				"CODE_SIGN_IDENTITY[sdk=iphoneos*]" = "iPhone Developer";
				COPY_PHASE_STRIP = YES;
				ENABLE_NS_ASSERTIONS = NO;
				ENABLE_STRICT_OBJC_MSGSEND = YES;
				GCC_C_LANGUAGE_STANDARD = gnu99;
				GCC_WARN_64_TO_32_BIT_CONVERSION = YES;
				GCC_WARN_ABOUT_RETURN_TYPE = YES_ERROR;
				GCC_WARN_UNDECLARED_SELECTOR = YES;
				GCC_WARN_UNINITIALIZED_AUTOS = YES_AGGRESSIVE;
				GCC_WARN_UNUSED_FUNCTION = YES;
				GCC_WARN_UNUSED_VARIABLE = YES;
				IPHONEOS_DEPLOYMENT_TARGET = 8.1;
				MTL_ENABLE_DEBUG_INFO = NO;
				SDKROOT = iphoneos;
				TARGETED_DEVICE_FAMILY = "1,2";
				VALIDATE_PRODUCT = YES;
			};
			name = Release;
		};
		EB153B401A97C21F000ECABB /* Debug */ = {
			isa = XCBuildConfiguration;
			buildSettings = {
				ASSETCATALOG_COMPILER_APPICON_NAME = AppIcon;
				INFOPLIST_FILE = "UIScrollView Challenge Solution/Info.plist";
				LD_RUNPATH_SEARCH_PATHS = "$(inherited) @executable_path/Frameworks";
				PRODUCT_NAME = "$(TARGET_NAME)";
			};
			name = Debug;
		};
		EB153B411A97C21F000ECABB /* Release */ = {
			isa = XCBuildConfiguration;
			buildSettings = {
				ASSETCATALOG_COMPILER_APPICON_NAME = AppIcon;
				INFOPLIST_FILE = "UIScrollView Challenge Solution/Info.plist";
				LD_RUNPATH_SEARCH_PATHS = "$(inherited) @executable_path/Frameworks";
				PRODUCT_NAME = "$(TARGET_NAME)";
			};
			name = Release;
		};
		EB153B431A97C21F000ECABB /* Debug */ = {
			isa = XCBuildConfiguration;
			buildSettings = {
				BUNDLE_LOADER = "$(TEST_HOST)";
				FRAMEWORK_SEARCH_PATHS = (
					"$(SDKROOT)/Developer/Library/Frameworks",
					"$(inherited)",
				);
				GCC_PREPROCESSOR_DEFINITIONS = (
					"DEBUG=1",
					"$(inherited)",
				);
				INFOPLIST_FILE = "UIScrollView Challenge SolutionTests/Info.plist";
				LD_RUNPATH_SEARCH_PATHS = "$(inherited) @executable_path/Frameworks @loader_path/Frameworks";
				PRODUCT_NAME = "$(TARGET_NAME)";
				TEST_HOST = "$(BUILT_PRODUCTS_DIR)/UIScrollView Challenge Solution.app/UIScrollView Challenge Solution";
			};
			name = Debug;
		};
		EB153B441A97C21F000ECABB /* Release */ = {
			isa = XCBuildConfiguration;
			buildSettings = {
				BUNDLE_LOADER = "$(TEST_HOST)";
				FRAMEWORK_SEARCH_PATHS = (
					"$(SDKROOT)/Developer/Library/Frameworks",
					"$(inherited)",
				);
				INFOPLIST_FILE = "UIScrollView Challenge SolutionTests/Info.plist";
				LD_RUNPATH_SEARCH_PATHS = "$(inherited) @executable_path/Frameworks @loader_path/Frameworks";
				PRODUCT_NAME = "$(TARGET_NAME)";
				TEST_HOST = "$(BUILT_PRODUCTS_DIR)/UIScrollView Challenge Solution.app/UIScrollView Challenge Solution";
			};
			name = Release;
		};
/* End XCBuildConfiguration section */

/* Begin XCConfigurationList section */
		EB153B171A97C21E000ECABB /* Build configuration list for PBXProject "UIScrollView Challenge Solution" */ = {
			isa = XCConfigurationList;
			buildConfigurations = (
				EB153B3D1A97C21F000ECABB /* Debug */,
				EB153B3E1A97C21F000ECABB /* Release */,
			);
			defaultConfigurationIsVisible = 0;
			defaultConfigurationName = Release;
		};
		EB153B3F1A97C21F000ECABB /* Build configuration list for PBXNativeTarget "UIScrollView Challenge Solution" */ = {
			isa = XCConfigurationList;
			buildConfigurations = (
				EB153B401A97C21F000ECABB /* Debug */,
				EB153B411A97C21F000ECABB /* Release */,
			);
			defaultConfigurationIsVisible = 0;
		};
		EB153B421A97C21F000ECABB /* Build configuration list for PBXNativeTarget "UIScrollView Challenge SolutionTests" */ = {
			isa = XCConfigurationList;
			buildConfigurations = (
				EB153B431A97C21F000ECABB /* Debug */,
				EB153B441A97C21F000ECABB /* Release */,
			);
			defaultConfigurationIsVisible = 0;
		};
/* End XCConfigurationList section */
	};
	rootObject = EB153B141A97C21E000ECABB /* Project object */;
}
