// !$*UTF8*$!
{
	archiveVersion = 1;
	classes = {
	};
	objectVersion = 46;
	objects = {

/* Begin PBXBuildFile section */
		EB153AAB1A979EAB000ECABB /* main.m in Sources */ = {isa = PBXBuildFile; fileRef = EB153AAA1A979EAB000ECABB /* main.m */; };
		EB153AAE1A979EAB000ECABB /* AppDelegate.m in Sources */ = {isa = PBXBuildFile; fileRef = EB153AAD1A979EAB000ECABB /* AppDelegate.m */; };
		EB153AB11A979EAB000ECABB /* ViewController.m in Sources */ = {isa = PBXBuildFile; fileRef = EB153AB01A979EAB000ECABB /* ViewController.m */; };
		EB153AB41A979EAB000ECABB /* Main.storyboard in Resources */ = {isa = PBXBuildFile; fileRef = EB153AB21A979EAB000ECABB /* Main.storyboard */; };
		EB153AB61A979EAB000ECABB /* Images.xcassets in Resources */ = {isa = PBXBuildFile; fileRef = EB153AB51A979EAB000ECABB /* Images.xcassets */; };
		EB153AB91A979EAB000ECABB /* LaunchScreen.xib in Resources */ = {isa = PBXBuildFile; fileRef = EB153AB71A979EAB000ECABB /* LaunchScreen.xib */; };
		EB153AC51A979EAB000ECABB /* User_Data_Challenge_SolutionTests.m in Sources */ = {isa = PBXBuildFile; fileRef = EB153AC41A979EAB000ECABB /* User_Data_Challenge_SolutionTests.m */; };
		EB153AD01A97A1C9000ECABB /* UserData.m in Sources */ = {isa = PBXBuildFile; fileRef = EB153ACF1A97A1C9000ECABB /* UserData.m */; };
		EB153AD41A97A251000ECABB /* CCUserData.m in Sources */ = {isa = PBXBuildFile; fileRef = EB153AD31A97A251000ECABB /* CCUserData.m */; };
		EB153ADA1A97A2B7000ECABB /* person1.jpeg in Resources */ = {isa = PBXBuildFile; fileRef = EB153AD61A97A2B7000ECABB /* person1.jpeg */; };
		EB153ADB1A97A2B7000ECABB /* person2.jpeg in Resources */ = {isa = PBXBuildFile; fileRef = EB153AD71A97A2B7000ECABB /* person2.jpeg */; };
		EB153ADC1A97A2B7000ECABB /* person3.jpg in Resources */ = {isa = PBXBuildFile; fileRef = EB153AD81A97A2B7000ECABB /* person3.jpg */; };
		EB153ADD1A97A2B7000ECABB /* person4.jpeg in Resources */ = {isa = PBXBuildFile; fileRef = EB153AD91A97A2B7000ECABB /* person4.jpeg */; };
/* End PBXBuildFile section */

/* Begin PBXContainerItemProxy section */
		EB153ABF1A979EAB000ECABB /* PBXContainerItemProxy */ = {
			isa = PBXContainerItemProxy;
			containerPortal = EB153A9D1A979EAB000ECABB /* Project object */;
			proxyType = 1;
			remoteGlobalIDString = EB153AA41A979EAB000ECABB;
			remoteInfo = "User Data Challenge Solution";
		};
/* End PBXContainerItemProxy section */

/* Begin PBXFileReference section */
		EB153AA51A979EAB000ECABB /* User Data Challenge Solution.app */ = {isa = PBXFileReference; explicitFileType = wrapper.application; includeInIndex = 0; path = "User Data Challenge Solution.app"; sourceTree = BUILT_PRODUCTS_DIR; };
		EB153AA91A979EAB000ECABB /* Info.plist */ = {isa = PBXFileReference; lastKnownFileType = text.plist.xml; path = Info.plist; sourceTree = "<group>"; };
		EB153AAA1A979EAB000ECABB /* main.m */ = {isa = PBXFileReference; lastKnownFileType = sourcecode.c.objc; path = main.m; sourceTree = "<group>"; };
		EB153AAC1A979EAB000ECABB /* AppDelegate.h */ = {isa = PBXFileReference; lastKnownFileType = sourcecode.c.h; path = AppDelegate.h; sourceTree = "<group>"; };
		EB153AAD1A979EAB000ECABB /* AppDelegate.m */ = {isa = PBXFileReference; lastKnownFileType = sourcecode.c.objc; path = AppDelegate.m; sourceTree = "<group>"; };
		EB153AAF1A979EAB000ECABB /* ViewController.h */ = {isa = PBXFileReference; lastKnownFileType = sourcecode.c.h; path = ViewController.h; sourceTree = "<group>"; };
		EB153AB01A979EAB000ECABB /* ViewController.m */ = {isa = PBXFileReference; lastKnownFileType = sourcecode.c.objc; path = ViewController.m; sourceTree = "<group>"; };
		EB153AB31A979EAB000ECABB /* Base */ = {isa = PBXFileReference; lastKnownFileType = file.storyboard; name = Base; path = Base.lproj/Main.storyboard; sourceTree = "<group>"; };
		EB153AB51A979EAB000ECABB /* Images.xcassets */ = {isa = PBXFileReference; lastKnownFileType = folder.assetcatalog; path = Images.xcassets; sourceTree = "<group>"; };
		EB153AB81A979EAB000ECABB /* Base */ = {isa = PBXFileReference; lastKnownFileType = file.xib; name = Base; path = Base.lproj/LaunchScreen.xib; sourceTree = "<group>"; };
		EB153ABE1A979EAB000ECABB /* User Data Challenge SolutionTests.xctest */ = {isa = PBXFileReference; explicitFileType = wrapper.cfbundle; includeInIndex = 0; path = "User Data Challenge SolutionTests.xctest"; sourceTree = BUILT_PRODUCTS_DIR; };
		EB153AC31A979EAB000ECABB /* Info.plist */ = {isa = PBXFileReference; lastKnownFileType = text.plist.xml; path = Info.plist; sourceTree = "<group>"; };
		EB153AC41A979EAB000ECABB /* User_Data_Challenge_SolutionTests.m */ = {isa = PBXFileReference; lastKnownFileType = sourcecode.c.objc; path = User_Data_Challenge_SolutionTests.m; sourceTree = "<group>"; };
		EB153ACE1A97A1C9000ECABB /* UserData.h */ = {isa = PBXFileReference; fileEncoding = 4; lastKnownFileType = sourcecode.c.h; path = UserData.h; sourceTree = "<group>"; };
		EB153ACF1A97A1C9000ECABB /* UserData.m */ = {isa = PBXFileReference; fileEncoding = 4; lastKnownFileType = sourcecode.c.objc; path = UserData.m; sourceTree = "<group>"; };
		EB153AD21A97A251000ECABB /* CCUserData.h */ = {isa = PBXFileReference; fileEncoding = 4; lastKnownFileType = sourcecode.c.h; path = CCUserData.h; sourceTree = "<group>"; };
		EB153AD31A97A251000ECABB /* CCUserData.m */ = {isa = PBXFileReference; fileEncoding = 4; lastKnownFileType = sourcecode.c.objc; path = CCUserData.m; sourceTree = "<group>"; };
		EB153AD61A97A2B7000ECABB /* person1.jpeg */ = {isa = PBXFileReference; lastKnownFileType = image.jpeg; path = person1.jpeg; sourceTree = "<group>"; };
		EB153AD71A97A2B7000ECABB /* person2.jpeg */ = {isa = PBXFileReference; lastKnownFileType = image.jpeg; path = person2.jpeg; sourceTree = "<group>"; };
		EB153AD81A97A2B7000ECABB /* person3.jpg */ = {isa = PBXFileReference; lastKnownFileType = image.jpeg; path = person3.jpg; sourceTree = "<group>"; };
		EB153AD91A97A2B7000ECABB /* person4.jpeg */ = {isa = PBXFileReference; lastKnownFileType = image.jpeg; path = person4.jpeg; sourceTree = "<group>"; };
/* End PBXFileReference section */

/* Begin PBXFrameworksBuildPhase section */
		EB153AA21A979EAB000ECABB /* Frameworks */ = {
			isa = PBXFrameworksBuildPhase;
			buildActionMask = 2147483647;
			files = (
			);
			runOnlyForDeploymentPostprocessing = 0;
		};
		EB153ABB1A979EAB000ECABB /* Frameworks */ = {
			isa = PBXFrameworksBuildPhase;
			buildActionMask = 2147483647;
			files = (
			);
			runOnlyForDeploymentPostprocessing = 0;
		};
/* End PBXFrameworksBuildPhase section */

/* Begin PBXGroup section */
		EB153A9C1A979EAB000ECABB = {
			isa = PBXGroup;
			children = (
				EB153AA71A979EAB000ECABB /* User Data Challenge Solution */,
				EB153AC11A979EAB000ECABB /* User Data Challenge SolutionTests */,
				EB153AA61A979EAB000ECABB /* Products */,
			);
			sourceTree = "<group>";
		};
		EB153AA61A979EAB000ECABB /* Products */ = {
			isa = PBXGroup;
			children = (
				EB153AA51A979EAB000ECABB /* User Data Challenge Solution.app */,
				EB153ABE1A979EAB000ECABB /* User Data Challenge SolutionTests.xctest */,
			);
			name = Products;
			sourceTree = "<group>";
		};
		EB153AA71A979EAB000ECABB /* User Data Challenge Solution */ = {
			isa = PBXGroup;
			children = (
				EB153AAC1A979EAB000ECABB /* AppDelegate.h */,
				EB153AAD1A979EAB000ECABB /* AppDelegate.m */,
				EB153AAF1A979EAB000ECABB /* ViewController.h */,
				EB153AB01A979EAB000ECABB /* ViewController.m */,
				EB153AB21A979EAB000ECABB /* Main.storyboard */,
				EB153ACE1A97A1C9000ECABB /* UserData.h */,
				EB153ACF1A97A1C9000ECABB /* UserData.m */,
				EB153AB51A979EAB000ECABB /* Images.xcassets */,
				EB153AB71A979EAB000ECABB /* LaunchScreen.xib */,
				EB153AA81A979EAB000ECABB /* Supporting Files */,
			);
			path = "User Data Challenge Solution";
			sourceTree = "<group>";
		};
		EB153AA81A979EAB000ECABB /* Supporting Files */ = {
			isa = PBXGroup;
			children = (
				EB153AD51A97A2B7000ECABB /* PersonImages */,
				EB153AD11A97A251000ECABB /* user-data */,
				EB153AA91A979EAB000ECABB /* Info.plist */,
				EB153AAA1A979EAB000ECABB /* main.m */,
			);
			name = "Supporting Files";
			sourceTree = "<group>";
		};
		EB153AC11A979EAB000ECABB /* User Data Challenge SolutionTests */ = {
			isa = PBXGroup;
			children = (
				EB153AC41A979EAB000ECABB /* User_Data_Challenge_SolutionTests.m */,
				EB153AC21A979EAB000ECABB /* Supporting Files */,
			);
			path = "User Data Challenge SolutionTests";
			sourceTree = "<group>";
		};
		EB153AC21A979EAB000ECABB /* Supporting Files */ = {
			isa = PBXGroup;
			children = (
				EB153AC31A979EAB000ECABB /* Info.plist */,
			);
			name = "Supporting Files";
			sourceTree = "<group>";
		};
		EB153AD11A97A251000ECABB /* user-data */ = {
			isa = PBXGroup;
			children = (
				EB153AD21A97A251000ECABB /* CCUserData.h */,
				EB153AD31A97A251000ECABB /* CCUserData.m */,
			);
			path = "user-data";
			sourceTree = "<group>";
		};
		EB153AD51A97A2B7000ECABB /* PersonImages */ = {
			isa = PBXGroup;
			children = (
				EB153AD61A97A2B7000ECABB /* person1.jpeg */,
				EB153AD71A97A2B7000ECABB /* person2.jpeg */,
				EB153AD81A97A2B7000ECABB /* person3.jpg */,
				EB153AD91A97A2B7000ECABB /* person4.jpeg */,
			);
			path = PersonImages;
			sourceTree = "<group>";
		};
/* End PBXGroup section */

/* Begin PBXNativeTarget section */
		EB153AA41A979EAB000ECABB /* User Data Challenge Solution */ = {
			isa = PBXNativeTarget;
			buildConfigurationList = EB153AC81A979EAB000ECABB /* Build configuration list for PBXNativeTarget "User Data Challenge Solution" */;
			buildPhases = (
				EB153AA11A979EAB000ECABB /* Sources */,
				EB153AA21A979EAB000ECABB /* Frameworks */,
				EB153AA31A979EAB000ECABB /* Resources */,
			);
			buildRules = (
			);
			dependencies = (
			);
			name = "User Data Challenge Solution";
			productName = "User Data Challenge Solution";
			productReference = EB153AA51A979EAB000ECABB /* User Data Challenge Solution.app */;
			productType = "com.apple.product-type.application";
		};
		EB153ABD1A979EAB000ECABB /* User Data Challenge SolutionTests */ = {
			isa = PBXNativeTarget;
			buildConfigurationList = EB153ACB1A979EAB000ECABB /* Build configuration list for PBXNativeTarget "User Data Challenge SolutionTests" */;
			buildPhases = (
				EB153ABA1A979EAB000ECABB /* Sources */,
				EB153ABB1A979EAB000ECABB /* Frameworks */,
				EB153ABC1A979EAB000ECABB /* Resources */,
			);
			buildRules = (
			);
			dependencies = (
				EB153AC01A979EAB000ECABB /* PBXTargetDependency */,
			);
			name = "User Data Challenge SolutionTests";
			productName = "User Data Challenge SolutionTests";
			productReference = EB153ABE1A979EAB000ECABB /* User Data Challenge SolutionTests.xctest */;
			productType = "com.apple.product-type.bundle.unit-test";
		};
/* End PBXNativeTarget section */

/* Begin PBXProject section */
		EB153A9D1A979EAB000ECABB /* Project object */ = {
			isa = PBXProject;
			attributes = {
				LastUpgradeCheck = 0610;
				ORGANIZATIONNAME = "Mario Ruiz";
				TargetAttributes = {
					EB153AA41A979EAB000ECABB = {
						CreatedOnToolsVersion = 6.1.1;
					};
					EB153ABD1A979EAB000ECABB = {
						CreatedOnToolsVersion = 6.1.1;
						TestTargetID = EB153AA41A979EAB000ECABB;
					};
				};
			};
			buildConfigurationList = EB153AA01A979EAB000ECABB /* Build configuration list for PBXProject "User Data Challenge Solution" */;
			compatibilityVersion = "Xcode 3.2";
			developmentRegion = English;
			hasScannedForEncodings = 0;
			knownRegions = (
				en,
				Base,
			);
			mainGroup = EB153A9C1A979EAB000ECABB;
			productRefGroup = EB153AA61A979EAB000ECABB /* Products */;
			projectDirPath = "";
			projectRoot = "";
			targets = (
				EB153AA41A979EAB000ECABB /* User Data Challenge Solution */,
				EB153ABD1A979EAB000ECABB /* User Data Challenge SolutionTests */,
			);
		};
/* End PBXProject section */

/* Begin PBXResourcesBuildPhase section */
		EB153AA31A979EAB000ECABB /* Resources */ = {
			isa = PBXResourcesBuildPhase;
			buildActionMask = 2147483647;
			files = (
				EB153ADC1A97A2B7000ECABB /* person3.jpg in Resources */,
				EB153ADA1A97A2B7000ECABB /* person1.jpeg in Resources */,
				EB153AB41A979EAB000ECABB /* Main.storyboard in Resources */,
				EB153AB91A979EAB000ECABB /* LaunchScreen.xib in Resources */,
				EB153ADD1A97A2B7000ECABB /* person4.jpeg in Resources */,
				EB153AB61A979EAB000ECABB /* Images.xcassets in Resources */,
				EB153ADB1A97A2B7000ECABB /* person2.jpeg in Resources */,
			);
			runOnlyForDeploymentPostprocessing = 0;
		};
		EB153ABC1A979EAB000ECABB /* Resources */ = {
			isa = PBXResourcesBuildPhase;
			buildActionMask = 2147483647;
			files = (
			);
			runOnlyForDeploymentPostprocessing = 0;
		};
/* End PBXResourcesBuildPhase section */

/* Begin PBXSourcesBuildPhase section */
		EB153AA11A979EAB000ECABB /* Sources */ = {
			isa = PBXSourcesBuildPhase;
			buildActionMask = 2147483647;
			files = (
				EB153AB11A979EAB000ECABB /* ViewController.m in Sources */,
				EB153AD41A97A251000ECABB /* CCUserData.m in Sources */,
				EB153AAE1A979EAB000ECABB /* AppDelegate.m in Sources */,
				EB153AD01A97A1C9000ECABB /* UserData.m in Sources */,
				EB153AAB1A979EAB000ECABB /* main.m in Sources */,
			);
			runOnlyForDeploymentPostprocessing = 0;
		};
		EB153ABA1A979EAB000ECABB /* Sources */ = {
			isa = PBXSourcesBuildPhase;
			buildActionMask = 2147483647;
			files = (
				EB153AC51A979EAB000ECABB /* User_Data_Challenge_SolutionTests.m in Sources */,
			);
			runOnlyForDeploymentPostprocessing = 0;
		};
/* End PBXSourcesBuildPhase section */

/* Begin PBXTargetDependency section */
		EB153AC01A979EAB000ECABB /* PBXTargetDependency */ = {
			isa = PBXTargetDependency;
			target = EB153AA41A979EAB000ECABB /* User Data Challenge Solution */;
			targetProxy = EB153ABF1A979EAB000ECABB /* PBXContainerItemProxy */;
		};
/* End PBXTargetDependency section */

/* Begin PBXVariantGroup section */
		EB153AB21A979EAB000ECABB /* Main.storyboard */ = {
			isa = PBXVariantGroup;
			children = (
				EB153AB31A979EAB000ECABB /* Base */,
			);
			name = Main.storyboard;
			sourceTree = "<group>";
		};
		EB153AB71A979EAB000ECABB /* LaunchScreen.xib */ = {
			isa = PBXVariantGroup;
			children = (
				EB153AB81A979EAB000ECABB /* Base */,
			);
			name = LaunchScreen.xib;
			sourceTree = "<group>";
		};
/* End PBXVariantGroup section */

/* Begin XCBuildConfiguration section */
		EB153AC61A979EAB000ECABB /* Debug */ = {
			isa = XCBuildConfiguration;
			buildSettings = {
				ALWAYS_SEARCH_USER_PATHS = NO;
				CLANG_CXX_LANGUAGE_STANDARD = "gnu++0x";
				CLANG_CXX_LIBRARY = "libc++";
				CLANG_ENABLE_MODULES = YES;
				CLANG_ENABLE_OBJC_ARC = YES;
				CLANG_WARN_BOOL_CONVERSION = YES;
				CLANG_WARN_CONSTANT_CONVERSION = YES;
				CLANG_WARN_DIRECT_OBJC_ISA_USAGE = YES_ERROR;
				CLANG_WARN_EMPTY_BODY = YES;
				CLANG_WARN_ENUM_CONVERSION = YES;
				CLANG_WARN_INT_CONVERSION = YES;
				CLANG_WARN_OBJC_ROOT_CLASS = YES_ERROR;
				CLANG_WARN_UNREACHABLE_CODE = YES;
				CLANG_WARN__DUPLICATE_METHOD_MATCH = YES;
				"CODE_SIGN_IDENTITY[sdk=iphoneos*]" = "iPhone Developer";
				COPY_PHASE_STRIP = NO;
				ENABLE_STRICT_OBJC_MSGSEND = YES;
				GCC_C_LANGUAGE_STANDARD = gnu99;
				GCC_DYNAMIC_NO_PIC = NO;
				GCC_OPTIMIZATION_LEVEL = 0;
				GCC_PREPROCESSOR_DEFINITIONS = (
					"DEBUG=1",
					"$(inherited)",
				);
				GCC_SYMBOLS_PRIVATE_EXTERN = NO;
				GCC_WARN_64_TO_32_BIT_CONVERSION = YES;
				GCC_WARN_ABOUT_RETURN_TYPE = YES_ERROR;
				GCC_WARN_UNDECLARED_SELECTOR = YES;
				GCC_WARN_UNINITIALIZED_AUTOS = YES_AGGRESSIVE;
				GCC_WARN_UNUSED_FUNCTION = YES;
				GCC_WARN_UNUSED_VARIABLE = YES;
				IPHONEOS_DEPLOYMENT_TARGET = 8.1;
				MTL_ENABLE_DEBUG_INFO = YES;
				ONLY_ACTIVE_ARCH = YES;
				SDKROOT = iphoneos;
				TARGETED_DEVICE_FAMILY = "1,2";
			};
			name = Debug;
		};
		EB153AC71A979EAB000ECABB /* Release */ = {
			isa = XCBuildConfiguration;
			buildSettings = {
				ALWAYS_SEARCH_USER_PATHS = NO;
				CLANG_CXX_LANGUAGE_STANDARD = "gnu++0x";
				CLANG_CXX_LIBRARY = "libc++";
				CLANG_ENABLE_MODULES = YES;
				CLANG_ENABLE_OBJC_ARC = YES;
				CLANG_WARN_BOOL_CONVERSION = YES;
				CLANG_WARN_CONSTANT_CONVERSION = YES;
				CLANG_WARN_DIRECT_OBJC_ISA_USAGE = YES_ERROR;
				CLANG_WARN_EMPTY_BODY = YES;
				CLANG_WARN_ENUM_CONVERSION = YES;
				CLANG_WARN_INT_CONVERSION = YES;
				CLANG_WARN_OBJC_ROOT_CLASS = YES_ERROR;
				CLANG_WARN_UNREACHABLE_CODE = YES;
				CLANG_WARN__DUPLICATE_METHOD_MATCH = YES;
				"CODE_SIGN_IDENTITY[sdk=iphoneos*]" = "iPhone Developer";
				COPY_PHASE_STRIP = YES;
				ENABLE_NS_ASSERTIONS = NO;
				ENABLE_STRICT_OBJC_MSGSEND = YES;
				GCC_C_LANGUAGE_STANDARD = gnu99;
				GCC_WARN_64_TO_32_BIT_CONVERSION = YES;
				GCC_WARN_ABOUT_RETURN_TYPE = YES_ERROR;
				GCC_WARN_UNDECLARED_SELECTOR = YES;
				GCC_WARN_UNINITIALIZED_AUTOS = YES_AGGRESSIVE;
				GCC_WARN_UNUSED_FUNCTION = YES;
				GCC_WARN_UNUSED_VARIABLE = YES;
				IPHONEOS_DEPLOYMENT_TARGET = 8.1;
				MTL_ENABLE_DEBUG_INFO = NO;
				SDKROOT = iphoneos;
				TARGETED_DEVICE_FAMILY = "1,2";
				VALIDATE_PRODUCT = YES;
			};
			name = Release;
		};
		EB153AC91A979EAB000ECABB /* Debug */ = {
			isa = XCBuildConfiguration;
			buildSettings = {
				ASSETCATALOG_COMPILER_APPICON_NAME = AppIcon;
				INFOPLIST_FILE = "User Data Challenge Solution/Info.plist";
				LD_RUNPATH_SEARCH_PATHS = "$(inherited) @executable_path/Frameworks";
				PRODUCT_NAME = "$(TARGET_NAME)";
			};
			name = Debug;
		};
		EB153ACA1A979EAB000ECABB /* Release */ = {
			isa = XCBuildConfiguration;
			buildSettings = {
				ASSETCATALOG_COMPILER_APPICON_NAME = AppIcon;
				INFOPLIST_FILE = "User Data Challenge Solution/Info.plist";
				LD_RUNPATH_SEARCH_PATHS = "$(inherited) @executable_path/Frameworks";
				PRODUCT_NAME = "$(TARGET_NAME)";
			};
			name = Release;
		};
		EB153ACC1A979EAB000ECABB /* Debug */ = {
			isa = XCBuildConfiguration;
			buildSettings = {
				BUNDLE_LOADER = "$(TEST_HOST)";
				FRAMEWORK_SEARCH_PATHS = (
					"$(SDKROOT)/Developer/Library/Frameworks",
					"$(inherited)",
				);
				GCC_PREPROCESSOR_DEFINITIONS = (
					"DEBUG=1",
					"$(inherited)",
				);
				INFOPLIST_FILE = "User Data Challenge SolutionTests/Info.plist";
				LD_RUNPATH_SEARCH_PATHS = "$(inherited) @executable_path/Frameworks @loader_path/Frameworks";
				PRODUCT_NAME = "$(TARGET_NAME)";
				TEST_HOST = "$(BUILT_PRODUCTS_DIR)/User Data Challenge Solution.app/User Data Challenge Solution";
			};
			name = Debug;
		};
		EB153ACD1A979EAB000ECABB /* Release */ = {
			isa = XCBuildConfiguration;
			buildSettings = {
				BUNDLE_LOADER = "$(TEST_HOST)";
				FRAMEWORK_SEARCH_PATHS = (
					"$(SDKROOT)/Developer/Library/Frameworks",
					"$(inherited)",
				);
				INFOPLIST_FILE = "User Data Challenge SolutionTests/Info.plist";
				LD_RUNPATH_SEARCH_PATHS = "$(inherited) @executable_path/Frameworks @loader_path/Frameworks";
				PRODUCT_NAME = "$(TARGET_NAME)";
				TEST_HOST = "$(BUILT_PRODUCTS_DIR)/User Data Challenge Solution.app/User Data Challenge Solution";
			};
			name = Release;
		};
/* End XCBuildConfiguration section */

/* Begin XCConfigurationList section */
		EB153AA01A979EAB000ECABB /* Build configuration list for PBXProject "User Data Challenge Solution" */ = {
			isa = XCConfigurationList;
			buildConfigurations = (
				EB153AC61A979EAB000ECABB /* Debug */,
				EB153AC71A979EAB000ECABB /* Release */,
			);
			defaultConfigurationIsVisible = 0;
			defaultConfigurationName = Release;
		};
		EB153AC81A979EAB000ECABB /* Build configuration list for PBXNativeTarget "User Data Challenge Solution" */ = {
			isa = XCConfigurationList;
			buildConfigurations = (
				EB153AC91A979EAB000ECABB /* Debug */,
				EB153ACA1A979EAB000ECABB /* Release */,
			);
			defaultConfigurationIsVisible = 0;
		};
		EB153ACB1A979EAB000ECABB /* Build configuration list for PBXNativeTarget "User Data Challenge SolutionTests" */ = {
			isa = XCConfigurationList;
			buildConfigurations = (
				EB153ACC1A979EAB000ECABB /* Debug */,
				EB153ACD1A979EAB000ECABB /* Release */,
			);
			defaultConfigurationIsVisible = 0;
		};
/* End XCConfigurationList section */
	};
	rootObject = EB153A9D1A979EAB000ECABB /* Project object */;
}
