// !$*UTF8*$!
{
	archiveVersion = 1;
	classes = {
	};
	objectVersion = 46;
	objects = {

/* Begin PBXBuildFile section */
		EB153A5A1A9766DA000ECABB /* main.m in Sources */ = {isa = PBXBuildFile; fileRef = EB153A591A9766DA000ECABB /* main.m */; };
		EB153A5D1A9766DA000ECABB /* AppDelegate.m in Sources */ = {isa = PBXBuildFile; fileRef = EB153A5C1A9766DA000ECABB /* AppDelegate.m */; };
		EB153A631A9766DA000ECABB /* Main.storyboard in Resources */ = {isa = PBXBuildFile; fileRef = EB153A611A9766DA000ECABB /* Main.storyboard */; };
		EB153A651A9766DA000ECABB /* Images.xcassets in Resources */ = {isa = PBXBuildFile; fileRef = EB153A641A9766DA000ECABB /* Images.xcassets */; };
		EB153A681A9766DA000ECABB /* LaunchScreen.xib in Resources */ = {isa = PBXBuildFile; fileRef = EB153A661A9766DA000ECABB /* LaunchScreen.xib */; };
		EB153A741A9766DA000ECABB /* challenge3Tests.m in Sources */ = {isa = PBXBuildFile; fileRef = EB153A731A9766DA000ECABB /* challenge3Tests.m */; };
		EB153A7F1A977A65000ECABB /* Challenge3TableViewController.m in Sources */ = {isa = PBXBuildFile; fileRef = EB153A7E1A977A65000ECABB /* Challenge3TableViewController.m */; };
		EB153A8E1A978410000ECABB /* AstronomicalData.m in Sources */ = {isa = PBXBuildFile; fileRef = EB153A821A978410000ECABB /* AstronomicalData.m */; };
		EB153A8F1A978410000ECABB /* Earth.jpg in Resources */ = {isa = PBXBuildFile; fileRef = EB153A841A978410000ECABB /* Earth.jpg */; };
		EB153A901A978410000ECABB /* EinsteinRing.jpg in Resources */ = {isa = PBXBuildFile; fileRef = EB153A851A978410000ECABB /* EinsteinRing.jpg */; };
		EB153A911A978410000ECABB /* Jupiter.jpg in Resources */ = {isa = PBXBuildFile; fileRef = EB153A861A978410000ECABB /* Jupiter.jpg */; };
		EB153A921A978410000ECABB /* Mars.jpg in Resources */ = {isa = PBXBuildFile; fileRef = EB153A871A978410000ECABB /* Mars.jpg */; };
		EB153A931A978410000ECABB /* Mercury.jpg in Resources */ = {isa = PBXBuildFile; fileRef = EB153A881A978410000ECABB /* Mercury.jpg */; };
		EB153A941A978410000ECABB /* Neptune.jpg in Resources */ = {isa = PBXBuildFile; fileRef = EB153A891A978410000ECABB /* Neptune.jpg */; };
		EB153A951A978410000ECABB /* Orion.jpg in Resources */ = {isa = PBXBuildFile; fileRef = EB153A8A1A978410000ECABB /* Orion.jpg */; };
		EB153A961A978410000ECABB /* Saturn.jpg in Resources */ = {isa = PBXBuildFile; fileRef = EB153A8B1A978410000ECABB /* Saturn.jpg */; };
		EB153A971A978410000ECABB /* Uranus.jpg in Resources */ = {isa = PBXBuildFile; fileRef = EB153A8C1A978410000ECABB /* Uranus.jpg */; };
		EB153A981A978410000ECABB /* Venus.jpg in Resources */ = {isa = PBXBuildFile; fileRef = EB153A8D1A978410000ECABB /* Venus.jpg */; };
		EB153A9B1A978436000ECABB /* SpaceObject.m in Sources */ = {isa = PBXBuildFile; fileRef = EB153A9A1A978436000ECABB /* SpaceObject.m */; };
		EB153AE01A97AFC8000ECABB /* SpaceImageViewController.m in Sources */ = {isa = PBXBuildFile; fileRef = EB153ADF1A97AFC8000ECABB /* SpaceImageViewController.m */; };
/* End PBXBuildFile section */

/* Begin PBXContainerItemProxy section */
		EB153A6E1A9766DA000ECABB /* PBXContainerItemProxy */ = {
			isa = PBXContainerItemProxy;
			containerPortal = EB153A4C1A9766DA000ECABB /* Project object */;
			proxyType = 1;
			remoteGlobalIDString = EB153A531A9766DA000ECABB;
			remoteInfo = challenge3;
		};
/* End PBXContainerItemProxy section */

/* Begin PBXFileReference section */
		EB153A541A9766DA000ECABB /* challenge3.app */ = {isa = PBXFileReference; explicitFileType = wrapper.application; includeInIndex = 0; path = challenge3.app; sourceTree = BUILT_PRODUCTS_DIR; };
		EB153A581A9766DA000ECABB /* Info.plist */ = {isa = PBXFileReference; lastKnownFileType = text.plist.xml; path = Info.plist; sourceTree = "<group>"; };
		EB153A591A9766DA000ECABB /* main.m */ = {isa = PBXFileReference; lastKnownFileType = sourcecode.c.objc; path = main.m; sourceTree = "<group>"; };
		EB153A5B1A9766DA000ECABB /* AppDelegate.h */ = {isa = PBXFileReference; lastKnownFileType = sourcecode.c.h; path = AppDelegate.h; sourceTree = "<group>"; };
		EB153A5C1A9766DA000ECABB /* AppDelegate.m */ = {isa = PBXFileReference; lastKnownFileType = sourcecode.c.objc; path = AppDelegate.m; sourceTree = "<group>"; };
		EB153A621A9766DA000ECABB /* Base */ = {isa = PBXFileReference; lastKnownFileType = file.storyboard; name = Base; path = Base.lproj/Main.storyboard; sourceTree = "<group>"; };
		EB153A641A9766DA000ECABB /* Images.xcassets */ = {isa = PBXFileReference; lastKnownFileType = folder.assetcatalog; path = Images.xcassets; sourceTree = "<group>"; };
		EB153A671A9766DA000ECABB /* Base */ = {isa = PBXFileReference; lastKnownFileType = file.xib; name = Base; path = Base.lproj/LaunchScreen.xib; sourceTree = "<group>"; };
		EB153A6D1A9766DA000ECABB /* challenge3Tests.xctest */ = {isa = PBXFileReference; explicitFileType = wrapper.cfbundle; includeInIndex = 0; path = challenge3Tests.xctest; sourceTree = BUILT_PRODUCTS_DIR; };
		EB153A721A9766DA000ECABB /* Info.plist */ = {isa = PBXFileReference; lastKnownFileType = text.plist.xml; path = Info.plist; sourceTree = "<group>"; };
		EB153A731A9766DA000ECABB /* challenge3Tests.m */ = {isa = PBXFileReference; lastKnownFileType = sourcecode.c.objc; path = challenge3Tests.m; sourceTree = "<group>"; };
		EB153A7D1A977A65000ECABB /* Challenge3TableViewController.h */ = {isa = PBXFileReference; fileEncoding = 4; lastKnownFileType = sourcecode.c.h; path = Challenge3TableViewController.h; sourceTree = "<group>"; };
		EB153A7E1A977A65000ECABB /* Challenge3TableViewController.m */ = {isa = PBXFileReference; fileEncoding = 4; lastKnownFileType = sourcecode.c.objc; path = Challenge3TableViewController.m; sourceTree = "<group>"; };
		EB153A811A978410000ECABB /* AstronomicalData.h */ = {isa = PBXFileReference; fileEncoding = 4; lastKnownFileType = sourcecode.c.h; path = AstronomicalData.h; sourceTree = "<group>"; };
		EB153A821A978410000ECABB /* AstronomicalData.m */ = {isa = PBXFileReference; fileEncoding = 4; lastKnownFileType = sourcecode.c.objc; path = AstronomicalData.m; sourceTree = "<group>"; };
		EB153A841A978410000ECABB /* Earth.jpg */ = {isa = PBXFileReference; lastKnownFileType = image.jpeg; path = Earth.jpg; sourceTree = "<group>"; };
		EB153A851A978410000ECABB /* EinsteinRing.jpg */ = {isa = PBXFileReference; lastKnownFileType = image.jpeg; path = EinsteinRing.jpg; sourceTree = "<group>"; };
		EB153A861A978410000ECABB /* Jupiter.jpg */ = {isa = PBXFileReference; lastKnownFileType = image.jpeg; path = Jupiter.jpg; sourceTree = "<group>"; };
		EB153A871A978410000ECABB /* Mars.jpg */ = {isa = PBXFileReference; lastKnownFileType = image.jpeg; path = Mars.jpg; sourceTree = "<group>"; };
		EB153A881A978410000ECABB /* Mercury.jpg */ = {isa = PBXFileReference; lastKnownFileType = image.jpeg; path = Mercury.jpg; sourceTree = "<group>"; };
		EB153A891A978410000ECABB /* Neptune.jpg */ = {isa = PBXFileReference; lastKnownFileType = image.jpeg; path = Neptune.jpg; sourceTree = "<group>"; };
		EB153A8A1A978410000ECABB /* Orion.jpg */ = {isa = PBXFileReference; lastKnownFileType = image.jpeg; path = Orion.jpg; sourceTree = "<group>"; };
		EB153A8B1A978410000ECABB /* Saturn.jpg */ = {isa = PBXFileReference; lastKnownFileType = image.jpeg; path = Saturn.jpg; sourceTree = "<group>"; };
		EB153A8C1A978410000ECABB /* Uranus.jpg */ = {isa = PBXFileReference; lastKnownFileType = image.jpeg; path = Uranus.jpg; sourceTree = "<group>"; };
		EB153A8D1A978410000ECABB /* Venus.jpg */ = {isa = PBXFileReference; lastKnownFileType = image.jpeg; path = Venus.jpg; sourceTree = "<group>"; };
		EB153A991A978436000ECABB /* SpaceObject.h */ = {isa = PBXFileReference; fileEncoding = 4; lastKnownFileType = sourcecode.c.h; path = SpaceObject.h; sourceTree = "<group>"; };
		EB153A9A1A978436000ECABB /* SpaceObject.m */ = {isa = PBXFileReference; fileEncoding = 4; lastKnownFileType = sourcecode.c.objc; path = SpaceObject.m; sourceTree = "<group>"; };
		EB153ADE1A97AFC8000ECABB /* SpaceImageViewController.h */ = {isa = PBXFileReference; fileEncoding = 4; lastKnownFileType = sourcecode.c.h; path = SpaceImageViewController.h; sourceTree = "<group>"; };
		EB153ADF1A97AFC8000ECABB /* SpaceImageViewController.m */ = {isa = PBXFileReference; fileEncoding = 4; lastKnownFileType = sourcecode.c.objc; path = SpaceImageViewController.m; sourceTree = "<group>"; };
/* End PBXFileReference section */

/* Begin PBXFrameworksBuildPhase section */
		EB153A511A9766DA000ECABB /* Frameworks */ = {
			isa = PBXFrameworksBuildPhase;
			buildActionMask = 2147483647;
			files = (
			);
			runOnlyForDeploymentPostprocessing = 0;
		};
		EB153A6A1A9766DA000ECABB /* Frameworks */ = {
			isa = PBXFrameworksBuildPhase;
			buildActionMask = 2147483647;
			files = (
			);
			runOnlyForDeploymentPostprocessing = 0;
		};
/* End PBXFrameworksBuildPhase section */

/* Begin PBXGroup section */
		EB153A4B1A9766DA000ECABB = {
			isa = PBXGroup;
			children = (
				EB153A561A9766DA000ECABB /* challenge3 */,
				EB153A701A9766DA000ECABB /* challenge3Tests */,
				EB153A551A9766DA000ECABB /* Products */,
			);
			sourceTree = "<group>";
		};
		EB153A551A9766DA000ECABB /* Products */ = {
			isa = PBXGroup;
			children = (
				EB153A541A9766DA000ECABB /* challenge3.app */,
				EB153A6D1A9766DA000ECABB /* challenge3Tests.xctest */,
			);
			name = Products;
			sourceTree = "<group>";
		};
		EB153A561A9766DA000ECABB /* challenge3 */ = {
			isa = PBXGroup;
			children = (
				EB153A5B1A9766DA000ECABB /* AppDelegate.h */,
				EB153A5C1A9766DA000ECABB /* AppDelegate.m */,
				EB153A611A9766DA000ECABB /* Main.storyboard */,
				EB153ADE1A97AFC8000ECABB /* SpaceImageViewController.h */,
				EB153ADF1A97AFC8000ECABB /* SpaceImageViewController.m */,
				EB153A7D1A977A65000ECABB /* Challenge3TableViewController.h */,
				EB153A7E1A977A65000ECABB /* Challenge3TableViewController.m */,
				EB153A991A978436000ECABB /* SpaceObject.h */,
				EB153A9A1A978436000ECABB /* SpaceObject.m */,
				EB153A641A9766DA000ECABB /* Images.xcassets */,
				EB153A661A9766DA000ECABB /* LaunchScreen.xib */,
				EB153A571A9766DA000ECABB /* Supporting Files */,
			);
			path = challenge3;
			sourceTree = "<group>";
		};
		EB153A571A9766DA000ECABB /* Supporting Files */ = {
			isa = PBXGroup;
			children = (
				EB153A801A978410000ECABB /* astronmical-data-model */,
				EB153A831A978410000ECABB /* PlanetImages */,
				EB153A581A9766DA000ECABB /* Info.plist */,
				EB153A591A9766DA000ECABB /* main.m */,
			);
			name = "Supporting Files";
			sourceTree = "<group>";
		};
		EB153A701A9766DA000ECABB /* challenge3Tests */ = {
			isa = PBXGroup;
			children = (
				EB153A731A9766DA000ECABB /* challenge3Tests.m */,
				EB153A711A9766DA000ECABB /* Supporting Files */,
			);
			path = challenge3Tests;
			sourceTree = "<group>";
		};
		EB153A711A9766DA000ECABB /* Supporting Files */ = {
			isa = PBXGroup;
			children = (
				EB153A721A9766DA000ECABB /* Info.plist */,
			);
			name = "Supporting Files";
			sourceTree = "<group>";
		};
		EB153A801A978410000ECABB /* astronmical-data-model */ = {
			isa = PBXGroup;
			children = (
				EB153A811A978410000ECABB /* AstronomicalData.h */,
				EB153A821A978410000ECABB /* AstronomicalData.m */,
			);
			path = "astronmical-data-model";
			sourceTree = "<group>";
		};
		EB153A831A978410000ECABB /* PlanetImages */ = {
			isa = PBXGroup;
			children = (
				EB153A841A978410000ECABB /* Earth.jpg */,
				EB153A851A978410000ECABB /* EinsteinRing.jpg */,
				EB153A861A978410000ECABB /* Jupiter.jpg */,
				EB153A871A978410000ECABB /* Mars.jpg */,
				EB153A881A978410000ECABB /* Mercury.jpg */,
				EB153A891A978410000ECABB /* Neptune.jpg */,
				EB153A8A1A978410000ECABB /* Orion.jpg */,
				EB153A8B1A978410000ECABB /* Saturn.jpg */,
				EB153A8C1A978410000ECABB /* Uranus.jpg */,
				EB153A8D1A978410000ECABB /* Venus.jpg */,
			);
			path = PlanetImages;
			sourceTree = "<group>";
		};
/* End PBXGroup section */

/* Begin PBXNativeTarget section */
		EB153A531A9766DA000ECABB /* challenge3 */ = {
			isa = PBXNativeTarget;
			buildConfigurationList = EB153A771A9766DA000ECABB /* Build configuration list for PBXNativeTarget "challenge3" */;
			buildPhases = (
				EB153A501A9766DA000ECABB /* Sources */,
				EB153A511A9766DA000ECABB /* Frameworks */,
				EB153A521A9766DA000ECABB /* Resources */,
			);
			buildRules = (
			);
			dependencies = (
			);
			name = challenge3;
			productName = challenge3;
			productReference = EB153A541A9766DA000ECABB /* challenge3.app */;
			productType = "com.apple.product-type.application";
		};
		EB153A6C1A9766DA000ECABB /* challenge3Tests */ = {
			isa = PBXNativeTarget;
			buildConfigurationList = EB153A7A1A9766DA000ECABB /* Build configuration list for PBXNativeTarget "challenge3Tests" */;
			buildPhases = (
				EB153A691A9766DA000ECABB /* Sources */,
				EB153A6A1A9766DA000ECABB /* Frameworks */,
				EB153A6B1A9766DA000ECABB /* Resources */,
			);
			buildRules = (
			);
			dependencies = (
				EB153A6F1A9766DA000ECABB /* PBXTargetDependency */,
			);
			name = challenge3Tests;
			productName = challenge3Tests;
			productReference = EB153A6D1A9766DA000ECABB /* challenge3Tests.xctest */;
			productType = "com.apple.product-type.bundle.unit-test";
		};
/* End PBXNativeTarget section */

/* Begin PBXProject section */
		EB153A4C1A9766DA000ECABB /* Project object */ = {
			isa = PBXProject;
			attributes = {
				LastUpgradeCheck = 0610;
				ORGANIZATIONNAME = "Mario Ruiz";
				TargetAttributes = {
					EB153A531A9766DA000ECABB = {
						CreatedOnToolsVersion = 6.1.1;
					};
					EB153A6C1A9766DA000ECABB = {
						CreatedOnToolsVersion = 6.1.1;
						TestTargetID = EB153A531A9766DA000ECABB;
					};
				};
			};
			buildConfigurationList = EB153A4F1A9766DA000ECABB /* Build configuration list for PBXProject "challenge3" */;
			compatibilityVersion = "Xcode 3.2";
			developmentRegion = English;
			hasScannedForEncodings = 0;
			knownRegions = (
				en,
				Base,
			);
			mainGroup = EB153A4B1A9766DA000ECABB;
			productRefGroup = EB153A551A9766DA000ECABB /* Products */;
			projectDirPath = "";
			projectRoot = "";
			targets = (
				EB153A531A9766DA000ECABB /* challenge3 */,
				EB153A6C1A9766DA000ECABB /* challenge3Tests */,
			);
		};
/* End PBXProject section */

/* Begin PBXResourcesBuildPhase section */
		EB153A521A9766DA000ECABB /* Resources */ = {
			isa = PBXResourcesBuildPhase;
			buildActionMask = 2147483647;
			files = (
				EB153A8F1A978410000ECABB /* Earth.jpg in Resources */,
				EB153A981A978410000ECABB /* Venus.jpg in Resources */,
				EB153A931A978410000ECABB /* Mercury.jpg in Resources */,
				EB153A961A978410000ECABB /* Saturn.jpg in Resources */,
				EB153A971A978410000ECABB /* Uranus.jpg in Resources */,
				EB153A631A9766DA000ECABB /* Main.storyboard in Resources */,
				EB153A941A978410000ECABB /* Neptune.jpg in Resources */,
				EB153A921A978410000ECABB /* Mars.jpg in Resources */,
				EB153A681A9766DA000ECABB /* LaunchScreen.xib in Resources */,
				EB153A651A9766DA000ECABB /* Images.xcassets in Resources */,
				EB153A901A978410000ECABB /* EinsteinRing.jpg in Resources */,
				EB153A911A978410000ECABB /* Jupiter.jpg in Resources */,
				EB153A951A978410000ECABB /* Orion.jpg in Resources */,
			);
			runOnlyForDeploymentPostprocessing = 0;
		};
		EB153A6B1A9766DA000ECABB /* Resources */ = {
			isa = PBXResourcesBuildPhase;
			buildActionMask = 2147483647;
			files = (
			);
			runOnlyForDeploymentPostprocessing = 0;
		};
/* End PBXResourcesBuildPhase section */

/* Begin PBXSourcesBuildPhase section */
		EB153A501A9766DA000ECABB /* Sources */ = {
			isa = PBXSourcesBuildPhase;
			buildActionMask = 2147483647;
			files = (
				EB153A5D1A9766DA000ECABB /* AppDelegate.m in Sources */,
				EB153A5A1A9766DA000ECABB /* main.m in Sources */,
				EB153A7F1A977A65000ECABB /* Challenge3TableViewController.m in Sources */,
				EB153A8E1A978410000ECABB /* AstronomicalData.m in Sources */,
				EB153A9B1A978436000ECABB /* SpaceObject.m in Sources */,
				EB153AE01A97AFC8000ECABB /* SpaceImageViewController.m in Sources */,
			);
			runOnlyForDeploymentPostprocessing = 0;
		};
		EB153A691A9766DA000ECABB /* Sources */ = {
			isa = PBXSourcesBuildPhase;
			buildActionMask = 2147483647;
			files = (
				EB153A741A9766DA000ECABB /* challenge3Tests.m in Sources */,
			);
			runOnlyForDeploymentPostprocessing = 0;
		};
/* End PBXSourcesBuildPhase section */

/* Begin PBXTargetDependency section */
		EB153A6F1A9766DA000ECABB /* PBXTargetDependency */ = {
			isa = PBXTargetDependency;
			target = EB153A531A9766DA000ECABB /* challenge3 */;
			targetProxy = EB153A6E1A9766DA000ECABB /* PBXContainerItemProxy */;
		};
/* End PBXTargetDependency section */

/* Begin PBXVariantGroup section */
		EB153A611A9766DA000ECABB /* Main.storyboard */ = {
			isa = PBXVariantGroup;
			children = (
				EB153A621A9766DA000ECABB /* Base */,
			);
			name = Main.storyboard;
			sourceTree = "<group>";
		};
		EB153A661A9766DA000ECABB /* LaunchScreen.xib */ = {
			isa = PBXVariantGroup;
			children = (
				EB153A671A9766DA000ECABB /* Base */,
			);
			name = LaunchScreen.xib;
			sourceTree = "<group>";
		};
/* End PBXVariantGroup section */

/* Begin XCBuildConfiguration section */
		EB153A751A9766DA000ECABB /* Debug */ = {
			isa = XCBuildConfiguration;
			buildSettings = {
				ALWAYS_SEARCH_USER_PATHS = NO;
				CLANG_CXX_LANGUAGE_STANDARD = "gnu++0x";
				CLANG_CXX_LIBRARY = "libc++";
				CLANG_ENABLE_MODULES = YES;
				CLANG_ENABLE_OBJC_ARC = YES;
				CLANG_WARN_BOOL_CONVERSION = YES;
				CLANG_WARN_CONSTANT_CONVERSION = YES;
				CLANG_WARN_DIRECT_OBJC_ISA_USAGE = YES_ERROR;
				CLANG_WARN_EMPTY_BODY = YES;
				CLANG_WARN_ENUM_CONVERSION = YES;
				CLANG_WARN_INT_CONVERSION = YES;
				CLANG_WARN_OBJC_ROOT_CLASS = YES_ERROR;
				CLANG_WARN_UNREACHABLE_CODE = YES;
				CLANG_WARN__DUPLICATE_METHOD_MATCH = YES;
				"CODE_SIGN_IDENTITY[sdk=iphoneos*]" = "iPhone Developer";
				COPY_PHASE_STRIP = NO;
				ENABLE_STRICT_OBJC_MSGSEND = YES;
				GCC_C_LANGUAGE_STANDARD = gnu99;
				GCC_DYNAMIC_NO_PIC = NO;
				GCC_OPTIMIZATION_LEVEL = 0;
				GCC_PREPROCESSOR_DEFINITIONS = (
					"DEBUG=1",
					"$(inherited)",
				);
				GCC_SYMBOLS_PRIVATE_EXTERN = NO;
				GCC_WARN_64_TO_32_BIT_CONVERSION = YES;
				GCC_WARN_ABOUT_RETURN_TYPE = YES_ERROR;
				GCC_WARN_UNDECLARED_SELECTOR = YES;
				GCC_WARN_UNINITIALIZED_AUTOS = YES_AGGRESSIVE;
				GCC_WARN_UNUSED_FUNCTION = YES;
				GCC_WARN_UNUSED_VARIABLE = YES;
				IPHONEOS_DEPLOYMENT_TARGET = 8.1;
				MTL_ENABLE_DEBUG_INFO = YES;
				ONLY_ACTIVE_ARCH = YES;
				SDKROOT = iphoneos;
				TARGETED_DEVICE_FAMILY = "1,2";
			};
			name = Debug;
		};
		EB153A761A9766DA000ECABB /* Release */ = {
			isa = XCBuildConfiguration;
			buildSettings = {
				ALWAYS_SEARCH_USER_PATHS = NO;
				CLANG_CXX_LANGUAGE_STANDARD = "gnu++0x";
				CLANG_CXX_LIBRARY = "libc++";
				CLANG_ENABLE_MODULES = YES;
				CLANG_ENABLE_OBJC_ARC = YES;
				CLANG_WARN_BOOL_CONVERSION = YES;
				CLANG_WARN_CONSTANT_CONVERSION = YES;
				CLANG_WARN_DIRECT_OBJC_ISA_USAGE = YES_ERROR;
				CLANG_WARN_EMPTY_BODY = YES;
				CLANG_WARN_ENUM_CONVERSION = YES;
				CLANG_WARN_INT_CONVERSION = YES;
				CLANG_WARN_OBJC_ROOT_CLASS = YES_ERROR;
				CLANG_WARN_UNREACHABLE_CODE = YES;
				CLANG_WARN__DUPLICATE_METHOD_MATCH = YES;
				"CODE_SIGN_IDENTITY[sdk=iphoneos*]" = "iPhone Developer";
				COPY_PHASE_STRIP = YES;
				ENABLE_NS_ASSERTIONS = NO;
				ENABLE_STRICT_OBJC_MSGSEND = YES;
				GCC_C_LANGUAGE_STANDARD = gnu99;
				GCC_WARN_64_TO_32_BIT_CONVERSION = YES;
				GCC_WARN_ABOUT_RETURN_TYPE = YES_ERROR;
				GCC_WARN_UNDECLARED_SELECTOR = YES;
				GCC_WARN_UNINITIALIZED_AUTOS = YES_AGGRESSIVE;
				GCC_WARN_UNUSED_FUNCTION = YES;
				GCC_WARN_UNUSED_VARIABLE = YES;
				IPHONEOS_DEPLOYMENT_TARGET = 8.1;
				MTL_ENABLE_DEBUG_INFO = NO;
				SDKROOT = iphoneos;
				TARGETED_DEVICE_FAMILY = "1,2";
				VALIDATE_PRODUCT = YES;
			};
			name = Release;
		};
		EB153A781A9766DA000ECABB /* Debug */ = {
			isa = XCBuildConfiguration;
			buildSettings = {
				ASSETCATALOG_COMPILER_APPICON_NAME = AppIcon;
				INFOPLIST_FILE = challenge3/Info.plist;
				LD_RUNPATH_SEARCH_PATHS = "$(inherited) @executable_path/Frameworks";
				PRODUCT_NAME = "$(TARGET_NAME)";
			};
			name = Debug;
		};
		EB153A791A9766DA000ECABB /* Release */ = {
			isa = XCBuildConfiguration;
			buildSettings = {
				ASSETCATALOG_COMPILER_APPICON_NAME = AppIcon;
				INFOPLIST_FILE = challenge3/Info.plist;
				LD_RUNPATH_SEARCH_PATHS = "$(inherited) @executable_path/Frameworks";
				PRODUCT_NAME = "$(TARGET_NAME)";
			};
			name = Release;
		};
		EB153A7B1A9766DA000ECABB /* Debug */ = {
			isa = XCBuildConfiguration;
			buildSettings = {
				BUNDLE_LOADER = "$(TEST_HOST)";
				FRAMEWORK_SEARCH_PATHS = (
					"$(SDKROOT)/Developer/Library/Frameworks",
					"$(inherited)",
				);
				GCC_PREPROCESSOR_DEFINITIONS = (
					"DEBUG=1",
					"$(inherited)",
				);
				INFOPLIST_FILE = challenge3Tests/Info.plist;
				LD_RUNPATH_SEARCH_PATHS = "$(inherited) @executable_path/Frameworks @loader_path/Frameworks";
				PRODUCT_NAME = "$(TARGET_NAME)";
				TEST_HOST = "$(BUILT_PRODUCTS_DIR)/challenge3.app/challenge3";
			};
			name = Debug;
		};
		EB153A7C1A9766DA000ECABB /* Release */ = {
			isa = XCBuildConfiguration;
			buildSettings = {
				BUNDLE_LOADER = "$(TEST_HOST)";
				FRAMEWORK_SEARCH_PATHS = (
					"$(SDKROOT)/Developer/Library/Frameworks",
					"$(inherited)",
				);
				INFOPLIST_FILE = challenge3Tests/Info.plist;
				LD_RUNPATH_SEARCH_PATHS = "$(inherited) @executable_path/Frameworks @loader_path/Frameworks";
				PRODUCT_NAME = "$(TARGET_NAME)";
				TEST_HOST = "$(BUILT_PRODUCTS_DIR)/challenge3.app/challenge3";
			};
			name = Release;
		};
/* End XCBuildConfiguration section */

/* Begin XCConfigurationList section */
		EB153A4F1A9766DA000ECABB /* Build configuration list for PBXProject "challenge3" */ = {
			isa = XCConfigurationList;
			buildConfigurations = (
				EB153A751A9766DA000ECABB /* Debug */,
				EB153A761A9766DA000ECABB /* Release */,
			);
			defaultConfigurationIsVisible = 0;
			defaultConfigurationName = Release;
		};
		EB153A771A9766DA000ECABB /* Build configuration list for PBXNativeTarget "challenge3" */ = {
			isa = XCConfigurationList;
			buildConfigurations = (
				EB153A781A9766DA000ECABB /* Debug */,
				EB153A791A9766DA000ECABB /* Release */,
			);
			defaultConfigurationIsVisible = 0;
			defaultConfigurationName = Release;
		};
		EB153A7A1A9766DA000ECABB /* Build configuration list for PBXNativeTarget "challenge3Tests" */ = {
			isa = XCConfigurationList;
			buildConfigurations = (
				EB153A7B1A9766DA000ECABB /* Debug */,
				EB153A7C1A9766DA000ECABB /* Release */,
			);
			defaultConfigurationIsVisible = 0;
			defaultConfigurationName = Release;
		};
/* End XCConfigurationList section */
	};
	rootObject = EB153A4C1A9766DA000ECABB /* Project object */;
}
